// !$*UTF8*$!
{
	archiveVersion = 1;
	classes = {
	};
	objectVersion = 50;
	objects = {

/* Begin PBXBuildFile section */
		E80390B721A1438E0056EDD6 /* AppDelegate.swift in Sources */ = {isa = PBXBuildFile; fileRef = E80390B621A1438E0056EDD6 /* AppDelegate.swift */; };
		E80390B921A1438E0056EDD6 /* ViewController.swift in Sources */ = {isa = PBXBuildFile; fileRef = E80390B821A1438E0056EDD6 /* ViewController.swift */; };
		E80390BC21A1438E0056EDD6 /* Main.storyboard in Resources */ = {isa = PBXBuildFile; fileRef = E80390BA21A1438E0056EDD6 /* Main.storyboard */; };
		E80390BE21A1438F0056EDD6 /* Assets.xcassets in Resources */ = {isa = PBXBuildFile; fileRef = E80390BD21A1438F0056EDD6 /* Assets.xcassets */; };
		E80390C121A1438F0056EDD6 /* LaunchScreen.storyboard in Resources */ = {isa = PBXBuildFile; fileRef = E80390BF21A1438F0056EDD6 /* LaunchScreen.storyboard */; };
		E80390CC21A1438F0056EDD6 /* ScrollTests.swift in Sources */ = {isa = PBXBuildFile; fileRef = E80390CB21A1438F0056EDD6 /* ScrollTests.swift */; };
		E80390D721A1438F0056EDD6 /* ScrollUITests.swift in Sources */ = {isa = PBXBuildFile; fileRef = E80390D621A1438F0056EDD6 /* ScrollUITests.swift */; };
		E80390E521A145210056EDD6 /* Slide.swift in Sources */ = {isa = PBXBuildFile; fileRef = E80390E421A145210056EDD6 /* Slide.swift */; };
		E80390E721A145510056EDD6 /* Slide.xib in Resources */ = {isa = PBXBuildFile; fileRef = E80390E621A145510056EDD6 /* Slide.xib */; };
/* End PBXBuildFile section */

/* Begin PBXContainerItemProxy section */
		E80390C821A1438F0056EDD6 /* PBXContainerItemProxy */ = {
			isa = PBXContainerItemProxy;
			containerPortal = E80390AB21A1438E0056EDD6 /* Project object */;
			proxyType = 1;
			remoteGlobalIDString = E80390B221A1438E0056EDD6;
			remoteInfo = Scroll;
		};
		E80390D321A1438F0056EDD6 /* PBXContainerItemProxy */ = {
			isa = PBXContainerItemProxy;
			containerPortal = E80390AB21A1438E0056EDD6 /* Project object */;
			proxyType = 1;
			remoteGlobalIDString = E80390B221A1438E0056EDD6;
			remoteInfo = Scroll;
		};
/* End PBXContainerItemProxy section */

/* Begin PBXFileReference section */
		E80390B321A1438E0056EDD6 /* Scroll.app */ = {isa = PBXFileReference; explicitFileType = wrapper.application; includeInIndex = 0; path = Scroll.app; sourceTree = BUILT_PRODUCTS_DIR; };
		E80390B621A1438E0056EDD6 /* AppDelegate.swift */ = {isa = PBXFileReference; lastKnownFileType = sourcecode.swift; path = AppDelegate.swift; sourceTree = "<group>"; };
		E80390B821A1438E0056EDD6 /* ViewController.swift */ = {isa = PBXFileReference; lastKnownFileType = sourcecode.swift; path = ViewController.swift; sourceTree = "<group>"; };
		E80390BB21A1438E0056EDD6 /* Base */ = {isa = PBXFileReference; lastKnownFileType = file.storyboard; name = Base; path = Base.lproj/Main.storyboard; sourceTree = "<group>"; };
		E80390BD21A1438F0056EDD6 /* Assets.xcassets */ = {isa = PBXFileReference; lastKnownFileType = folder.assetcatalog; path = Assets.xcassets; sourceTree = "<group>"; };
		E80390C021A1438F0056EDD6 /* Base */ = {isa = PBXFileReference; lastKnownFileType = file.storyboard; name = Base; path = Base.lproj/LaunchScreen.storyboard; sourceTree = "<group>"; };
		E80390C221A1438F0056EDD6 /* Info.plist */ = {isa = PBXFileReference; lastKnownFileType = text.plist.xml; path = Info.plist; sourceTree = "<group>"; };
		E80390C721A1438F0056EDD6 /* ScrollTests.xctest */ = {isa = PBXFileReference; explicitFileType = wrapper.cfbundle; includeInIndex = 0; path = ScrollTests.xctest; sourceTree = BUILT_PRODUCTS_DIR; };
		E80390CB21A1438F0056EDD6 /* ScrollTests.swift */ = {isa = PBXFileReference; lastKnownFileType = sourcecode.swift; path = ScrollTests.swift; sourceTree = "<group>"; };
		E80390CD21A1438F0056EDD6 /* Info.plist */ = {isa = PBXFileReference; lastKnownFileType = text.plist.xml; path = Info.plist; sourceTree = "<group>"; };
		E80390D221A1438F0056EDD6 /* ScrollUITests.xctest */ = {isa = PBXFileReference; explicitFileType = wrapper.cfbundle; includeInIndex = 0; path = ScrollUITests.xctest; sourceTree = BUILT_PRODUCTS_DIR; };
		E80390D621A1438F0056EDD6 /* ScrollUITests.swift */ = {isa = PBXFileReference; lastKnownFileType = sourcecode.swift; path = ScrollUITests.swift; sourceTree = "<group>"; };
		E80390D821A1438F0056EDD6 /* Info.plist */ = {isa = PBXFileReference; lastKnownFileType = text.plist.xml; path = Info.plist; sourceTree = "<group>"; };
		E80390E421A145210056EDD6 /* Slide.swift */ = {isa = PBXFileReference; lastKnownFileType = sourcecode.swift; path = Slide.swift; sourceTree = "<group>"; };
		E80390E621A145510056EDD6 /* Slide.xib */ = {isa = PBXFileReference; lastKnownFileType = file.xib; path = Slide.xib; sourceTree = "<group>"; };
/* End PBXFileReference section */

/* Begin PBXFrameworksBuildPhase section */
		E80390B021A1438E0056EDD6 /* Frameworks */ = {
			isa = PBXFrameworksBuildPhase;
			buildActionMask = 2147483647;
			files = (
			);
			runOnlyForDeploymentPostprocessing = 0;
		};
		E80390C421A1438F0056EDD6 /* Frameworks */ = {
			isa = PBXFrameworksBuildPhase;
			buildActionMask = 2147483647;
			files = (
			);
			runOnlyForDeploymentPostprocessing = 0;
		};
		E80390CF21A1438F0056EDD6 /* Frameworks */ = {
			isa = PBXFrameworksBuildPhase;
			buildActionMask = 2147483647;
			files = (
			);
			runOnlyForDeploymentPostprocessing = 0;
		};
/* End PBXFrameworksBuildPhase section */

/* Begin PBXGroup section */
		E80390AA21A1438E0056EDD6 = {
			isa = PBXGroup;
			children = (
				E80390B521A1438E0056EDD6 /* Scroll */,
				E80390CA21A1438F0056EDD6 /* ScrollTests */,
				E80390D521A1438F0056EDD6 /* ScrollUITests */,
				E80390B421A1438E0056EDD6 /* Products */,
			);
			sourceTree = "<group>";
		};
		E80390B421A1438E0056EDD6 /* Products */ = {
			isa = PBXGroup;
			children = (
				E80390B321A1438E0056EDD6 /* Scroll.app */,
				E80390C721A1438F0056EDD6 /* ScrollTests.xctest */,
				E80390D221A1438F0056EDD6 /* ScrollUITests.xctest */,
			);
			name = Products;
			sourceTree = "<group>";
		};
		E80390B521A1438E0056EDD6 /* Scroll */ = {
			isa = PBXGroup;
			children = (
				E80390B621A1438E0056EDD6 /* AppDelegate.swift */,
				E80390B821A1438E0056EDD6 /* ViewController.swift */,
				E80390BA21A1438E0056EDD6 /* Main.storyboard */,
				E80390E421A145210056EDD6 /* Slide.swift */,
				E80390E621A145510056EDD6 /* Slide.xib */,
				E80390BD21A1438F0056EDD6 /* Assets.xcassets */,
				E80390BF21A1438F0056EDD6 /* LaunchScreen.storyboard */,
				E80390C221A1438F0056EDD6 /* Info.plist */,
			);
			path = Scroll;
			sourceTree = "<group>";
		};
		E80390CA21A1438F0056EDD6 /* ScrollTests */ = {
			isa = PBXGroup;
			children = (
				E80390CB21A1438F0056EDD6 /* ScrollTests.swift */,
				E80390CD21A1438F0056EDD6 /* Info.plist */,
			);
			path = ScrollTests;
			sourceTree = "<group>";
		};
		E80390D521A1438F0056EDD6 /* ScrollUITests */ = {
			isa = PBXGroup;
			children = (
				E80390D621A1438F0056EDD6 /* ScrollUITests.swift */,
				E80390D821A1438F0056EDD6 /* Info.plist */,
			);
			path = ScrollUITests;
			sourceTree = "<group>";
		};
/* End PBXGroup section */

/* Begin PBXNativeTarget section */
		E80390B221A1438E0056EDD6 /* Scroll */ = {
			isa = PBXNativeTarget;
			buildConfigurationList = E80390DB21A1438F0056EDD6 /* Build configuration list for PBXNativeTarget "Scroll" */;
			buildPhases = (
				E80390AF21A1438E0056EDD6 /* Sources */,
				E80390B021A1438E0056EDD6 /* Frameworks */,
				E80390B121A1438E0056EDD6 /* Resources */,
			);
			buildRules = (
			);
			dependencies = (
			);
			name = Scroll;
			productName = Scroll;
			productReference = E80390B321A1438E0056EDD6 /* Scroll.app */;
			productType = "com.apple.product-type.application";
		};
		E80390C621A1438F0056EDD6 /* ScrollTests */ = {
			isa = PBXNativeTarget;
			buildConfigurationList = E80390DE21A1438F0056EDD6 /* Build configuration list for PBXNativeTarget "ScrollTests" */;
			buildPhases = (
				E80390C321A1438F0056EDD6 /* Sources */,
				E80390C421A1438F0056EDD6 /* Frameworks */,
				E80390C521A1438F0056EDD6 /* Resources */,
			);
			buildRules = (
			);
			dependencies = (
				E80390C921A1438F0056EDD6 /* PBXTargetDependency */,
			);
			name = ScrollTests;
			productName = ScrollTests;
			productReference = E80390C721A1438F0056EDD6 /* ScrollTests.xctest */;
			productType = "com.apple.product-type.bundle.unit-test";
		};
		E80390D121A1438F0056EDD6 /* ScrollUITests */ = {
			isa = PBXNativeTarget;
			buildConfigurationList = E80390E121A1438F0056EDD6 /* Build configuration list for PBXNativeTarget "ScrollUITests" */;
			buildPhases = (
				E80390CE21A1438F0056EDD6 /* Sources */,
				E80390CF21A1438F0056EDD6 /* Frameworks */,
				E80390D021A1438F0056EDD6 /* Resources */,
			);
			buildRules = (
			);
			dependencies = (
				E80390D421A1438F0056EDD6 /* PBXTargetDependency */,
			);
			name = ScrollUITests;
			productName = ScrollUITests;
			productReference = E80390D221A1438F0056EDD6 /* ScrollUITests.xctest */;
			productType = "com.apple.product-type.bundle.ui-testing";
		};
/* End PBXNativeTarget section */

/* Begin PBXProject section */
		E80390AB21A1438E0056EDD6 /* Project object */ = {
			isa = PBXProject;
			attributes = {
				LastSwiftUpdateCheck = 0940;
				LastUpgradeCheck = 0940;
				ORGANIZATIONNAME = "Amie Deng";
				TargetAttributes = {
					E80390B221A1438E0056EDD6 = {
						CreatedOnToolsVersion = 9.4;
					};
					E80390C621A1438F0056EDD6 = {
						CreatedOnToolsVersion = 9.4;
						TestTargetID = E80390B221A1438E0056EDD6;
					};
					E80390D121A1438F0056EDD6 = {
						CreatedOnToolsVersion = 9.4;
						TestTargetID = E80390B221A1438E0056EDD6;
					};
				};
			};
			buildConfigurationList = E80390AE21A1438E0056EDD6 /* Build configuration list for PBXProject "Scroll" */;
			compatibilityVersion = "Xcode 9.3";
			developmentRegion = en;
			hasScannedForEncodings = 0;
			knownRegions = (
				en,
				Base,
			);
			mainGroup = E80390AA21A1438E0056EDD6;
			productRefGroup = E80390B421A1438E0056EDD6 /* Products */;
			projectDirPath = "";
			projectRoot = "";
			targets = (
				E80390B221A1438E0056EDD6 /* Scroll */,
				E80390C621A1438F0056EDD6 /* ScrollTests */,
				E80390D121A1438F0056EDD6 /* ScrollUITests */,
			);
		};
/* End PBXProject section */

/* Begin PBXResourcesBuildPhase section */
		E80390B121A1438E0056EDD6 /* Resources */ = {
			isa = PBXResourcesBuildPhase;
			buildActionMask = 2147483647;
			files = (
				E80390C121A1438F0056EDD6 /* LaunchScreen.storyboard in Resources */,
				E80390BE21A1438F0056EDD6 /* Assets.xcassets in Resources */,
				E80390BC21A1438E0056EDD6 /* Main.storyboard in Resources */,
				E80390E721A145510056EDD6 /* Slide.xib in Resources */,
			);
			runOnlyForDeploymentPostprocessing = 0;
		};
		E80390C521A1438F0056EDD6 /* Resources */ = {
			isa = PBXResourcesBuildPhase;
			buildActionMask = 2147483647;
			files = (
			);
			runOnlyForDeploymentPostprocessing = 0;
		};
		E80390D021A1438F0056EDD6 /* Resources */ = {
			isa = PBXResourcesBuildPhase;
			buildActionMask = 2147483647;
			files = (
			);
			runOnlyForDeploymentPostprocessing = 0;
		};
/* End PBXResourcesBuildPhase section */

/* Begin PBXSourcesBuildPhase section */
		E80390AF21A1438E0056EDD6 /* Sources */ = {
			isa = PBXSourcesBuildPhase;
			buildActionMask = 2147483647;
			files = (
				E80390E521A145210056EDD6 /* Slide.swift in Sources */,
				E80390B921A1438E0056EDD6 /* ViewController.swift in Sources */,
				E80390B721A1438E0056EDD6 /* AppDelegate.swift in Sources */,
			);
			runOnlyForDeploymentPostprocessing = 0;
		};
		E80390C321A1438F0056EDD6 /* Sources */ = {
			isa = PBXSourcesBuildPhase;
			buildActionMask = 2147483647;
			files = (
				E80390CC21A1438F0056EDD6 /* ScrollTests.swift in Sources */,
			);
			runOnlyForDeploymentPostprocessing = 0;
		};
		E80390CE21A1438F0056EDD6 /* Sources */ = {
			isa = PBXSourcesBuildPhase;
			buildActionMask = 2147483647;
			files = (
				E80390D721A1438F0056EDD6 /* ScrollUITests.swift in Sources */,
			);
			runOnlyForDeploymentPostprocessing = 0;
		};
/* End PBXSourcesBuildPhase section */

/* Begin PBXTargetDependency section */
		E80390C921A1438F0056EDD6 /* PBXTargetDependency */ = {
			isa = PBXTargetDependency;
			target = E80390B221A1438E0056EDD6 /* Scroll */;
			targetProxy = E80390C821A1438F0056EDD6 /* PBXContainerItemProxy */;
		};
		E80390D421A1438F0056EDD6 /* PBXTargetDependency */ = {
			isa = PBXTargetDependency;
			target = E80390B221A1438E0056EDD6 /* Scroll */;
			targetProxy = E80390D321A1438F0056EDD6 /* PBXContainerItemProxy */;
		};
/* End PBXTargetDependency section */

/* Begin PBXVariantGroup section */
		E80390BA21A1438E0056EDD6 /* Main.storyboard */ = {
			isa = PBXVariantGroup;
			children = (
				E80390BB21A1438E0056EDD6 /* Base */,
			);
			name = Main.storyboard;
			sourceTree = "<group>";
		};
		E80390BF21A1438F0056EDD6 /* LaunchScreen.storyboard */ = {
			isa = PBXVariantGroup;
			children = (
				E80390C021A1438F0056EDD6 /* Base */,
			);
			name = LaunchScreen.storyboard;
			sourceTree = "<group>";
		};
/* End PBXVariantGroup section */

/* Begin XCBuildConfiguration section */
		E80390D921A1438F0056EDD6 /* Debug */ = {
			isa = XCBuildConfiguration;
			buildSettings = {
				ALWAYS_SEARCH_USER_PATHS = NO;
				CLANG_ANALYZER_NONNULL = YES;
				CLANG_ANALYZER_NUMBER_OBJECT_CONVERSION = YES_AGGRESSIVE;
				CLANG_CXX_LANGUAGE_STANDARD = "gnu++14";
				CLANG_CXX_LIBRARY = "libc++";
				CLANG_ENABLE_MODULES = YES;
				CLANG_ENABLE_OBJC_ARC = YES;
				CLANG_ENABLE_OBJC_WEAK = YES;
				CLANG_WARN_BLOCK_CAPTURE_AUTORELEASING = YES;
				CLANG_WARN_BOOL_CONVERSION = YES;
				CLANG_WARN_COMMA = YES;
				CLANG_WARN_CONSTANT_CONVERSION = YES;
				CLANG_WARN_DEPRECATED_OBJC_IMPLEMENTATIONS = YES;
				CLANG_WARN_DIRECT_OBJC_ISA_USAGE = YES_ERROR;
				CLANG_WARN_DOCUMENTATION_COMMENTS = YES;
				CLANG_WARN_EMPTY_BODY = YES;
				CLANG_WARN_ENUM_CONVERSION = YES;
				CLANG_WARN_INFINITE_RECURSION = YES;
				CLANG_WARN_INT_CONVERSION = YES;
				CLANG_WARN_NON_LITERAL_NULL_CONVERSION = YES;
				CLANG_WARN_OBJC_IMPLICIT_RETAIN_SELF = YES;
				CLANG_WARN_OBJC_LITERAL_CONVERSION = YES;
				CLANG_WARN_OBJC_ROOT_CLASS = YES_ERROR;
				CLANG_WARN_RANGE_LOOP_ANALYSIS = YES;
				CLANG_WARN_STRICT_PROTOTYPES = YES;
				CLANG_WARN_SUSPICIOUS_MOVE = YES;
				CLANG_WARN_UNGUARDED_AVAILABILITY = YES_AGGRESSIVE;
				CLANG_WARN_UNREACHABLE_CODE = YES;
				CLANG_WARN__DUPLICATE_METHOD_MATCH = YES;
				CODE_SIGN_IDENTITY = "iPhone Developer";
				COPY_PHASE_STRIP = NO;
				DEBUG_INFORMATION_FORMAT = dwarf;
				ENABLE_STRICT_OBJC_MSGSEND = YES;
				ENABLE_TESTABILITY = YES;
				GCC_C_LANGUAGE_STANDARD = gnu11;
				GCC_DYNAMIC_NO_PIC = NO;
				GCC_NO_COMMON_BLOCKS = YES;
				GCC_OPTIMIZATION_LEVEL = 0;
				GCC_PREPROCESSOR_DEFINITIONS = (
					"DEBUG=1",
					"$(inherited)",
				);
				GCC_WARN_64_TO_32_BIT_CONVERSION = YES;
				GCC_WARN_ABOUT_RETURN_TYPE = YES_ERROR;
				GCC_WARN_UNDECLARED_SELECTOR = YES;
				GCC_WARN_UNINITIALIZED_AUTOS = YES_AGGRESSIVE;
				GCC_WARN_UNUSED_FUNCTION = YES;
				GCC_WARN_UNUSED_VARIABLE = YES;
				IPHONEOS_DEPLOYMENT_TARGET = 11.4;
				MTL_ENABLE_DEBUG_INFO = YES;
				ONLY_ACTIVE_ARCH = YES;
				SDKROOT = iphoneos;
				SWIFT_ACTIVE_COMPILATION_CONDITIONS = DEBUG;
				SWIFT_OPTIMIZATION_LEVEL = "-Onone";
			};
			name = Debug;
		};
		E80390DA21A1438F0056EDD6 /* Release */ = {
			isa = XCBuildConfiguration;
			buildSettings = {
				ALWAYS_SEARCH_USER_PATHS = NO;
				CLANG_ANALYZER_NONNULL = YES;
				CLANG_ANALYZER_NUMBER_OBJECT_CONVERSION = YES_AGGRESSIVE;
				CLANG_CXX_LANGUAGE_STANDARD = "gnu++14";
				CLANG_CXX_LIBRARY = "libc++";
				CLANG_ENABLE_MODULES = YES;
				CLANG_ENABLE_OBJC_ARC = YES;
				CLANG_ENABLE_OBJC_WEAK = YES;
				CLANG_WARN_BLOCK_CAPTURE_AUTORELEASING = YES;
				CLANG_WARN_BOOL_CONVERSION = YES;
				CLANG_WARN_COMMA = YES;
				CLANG_WARN_CONSTANT_CONVERSION = YES;
				CLANG_WARN_DEPRECATED_OBJC_IMPLEMENTATIONS = YES;
				CLANG_WARN_DIRECT_OBJC_ISA_USAGE = YES_ERROR;
				CLANG_WARN_DOCUMENTATION_COMMENTS = YES;
				CLANG_WARN_EMPTY_BODY = YES;
				CLANG_WARN_ENUM_CONVERSION = YES;
				CLANG_WARN_INFINITE_RECURSION = YES;
				CLANG_WARN_INT_CONVERSION = YES;
				CLANG_WARN_NON_LITERAL_NULL_CONVERSION = YES;
				CLANG_WARN_OBJC_IMPLICIT_RETAIN_SELF = YES;
				CLANG_WARN_OBJC_LITERAL_CONVERSION = YES;
				CLANG_WARN_OBJC_ROOT_CLASS = YES_ERROR;
				CLANG_WARN_RANGE_LOOP_ANALYSIS = YES;
				CLANG_WARN_STRICT_PROTOTYPES = YES;
				CLANG_WARN_SUSPICIOUS_MOVE = YES;
				CLANG_WARN_UNGUARDED_AVAILABILITY = YES_AGGRESSIVE;
				CLANG_WARN_UNREACHABLE_CODE = YES;
				CLANG_WARN__DUPLICATE_METHOD_MATCH = YES;
				CODE_SIGN_IDENTITY = "iPhone Developer";
				COPY_PHASE_STRIP = NO;
				DEBUG_INFORMATION_FORMAT = "dwarf-with-dsym";
				ENABLE_NS_ASSERTIONS = NO;
				ENABLE_STRICT_OBJC_MSGSEND = YES;
				GCC_C_LANGUAGE_STANDARD = gnu11;
				GCC_NO_COMMON_BLOCKS = YES;
				GCC_WARN_64_TO_32_BIT_CONVERSION = YES;
				GCC_WARN_ABOUT_RETURN_TYPE = YES_ERROR;
				GCC_WARN_UNDECLARED_SELECTOR = YES;
				GCC_WARN_UNINITIALIZED_AUTOS = YES_AGGRESSIVE;
				GCC_WARN_UNUSED_FUNCTION = YES;
				GCC_WARN_UNUSED_VARIABLE = YES;
				IPHONEOS_DEPLOYMENT_TARGET = 11.4;
				MTL_ENABLE_DEBUG_INFO = NO;
				SDKROOT = iphoneos;
				SWIFT_COMPILATION_MODE = wholemodule;
				SWIFT_OPTIMIZATION_LEVEL = "-O";
				VALIDATE_PRODUCT = YES;
			};
			name = Release;
		};
		E80390DC21A1438F0056EDD6 /* Debug */ = {
			isa = XCBuildConfiguration;
			buildSettings = {
				ASSETCATALOG_COMPILER_APPICON_NAME = AppIcon;
				CODE_SIGN_STYLE = Manual;
				DEVELOPMENT_TEAM = "";
				INFOPLIST_FILE = Scroll/Info.plist;
				LD_RUNPATH_SEARCH_PATHS = (
					"$(inherited)",
					"@executable_path/Frameworks",
				);
				PRODUCT_BUNDLE_IDENTIFIER = "Amie-Deng.Scroll";
				PRODUCT_NAME = "$(TARGET_NAME)";
				PROVISIONING_PROFILE_SPECIFIER = "";
				SWIFT_VERSION = 4.0;
				TARGETED_DEVICE_FAMILY = "1,2";
			};
			name = Debug;
		};
		E80390DD21A1438F0056EDD6 /* Release */ = {
			isa = XCBuildConfiguration;
			buildSettings = {
				ASSETCATALOG_COMPILER_APPICON_NAME = AppIcon;
				CODE_SIGN_STYLE = Manual;
				DEVELOPMENT_TEAM = "";
				INFOPLIST_FILE = Scroll/Info.plist;
				LD_RUNPATH_SEARCH_PATHS = (
					"$(inherited)",
					"@executable_path/Frameworks",
				);
				PRODUCT_BUNDLE_IDENTIFIER = "Amie-Deng.Scroll";
				PRODUCT_NAME = "$(TARGET_NAME)";
				PROVISIONING_PROFILE_SPECIFIER = "";
				SWIFT_VERSION = 4.0;
				TARGETED_DEVICE_FAMILY = "1,2";
			};
			name = Release;
		};
		E80390DF21A1438F0056EDD6 /* Debug */ = {
			isa = XCBuildConfiguration;
			buildSettings = {
				ALWAYS_EMBED_SWIFT_STANDARD_LIBRARIES = YES;
				BUNDLE_LOADER = "$(TEST_HOST)";
				CODE_SIGN_STYLE = Automatic;
				DEVELOPMENT_TEAM = 9HP7878XL2;
				INFOPLIST_FILE = ScrollTests/Info.plist;
				LD_RUNPATH_SEARCH_PATHS = (
					"$(inherited)",
					"@executable_path/Frameworks",
					"@loader_path/Frameworks",
				);
				PRODUCT_BUNDLE_IDENTIFIER = "Amie-Deng.ScrollTests";
				PRODUCT_NAME = "$(TARGET_NAME)";
				SWIFT_VERSION = 4.0;
				TARGETED_DEVICE_FAMILY = "1,2";
				TEST_HOST = "$(BUILT_PRODUCTS_DIR)/Scroll.app/Scroll";
			};
			name = Debug;
		};
		E80390E021A1438F0056EDD6 /* Release */ = {
			isa = XCBuildConfiguration;
			buildSettings = {
				ALWAYS_EMBED_SWIFT_STANDARD_LIBRARIES = YES;
				BUNDLE_LOADER = "$(TEST_HOST)";
				CODE_SIGN_STYLE = Automatic;
				DEVELOPMENT_TEAM = 9HP7878XL2;
				INFOPLIST_FILE = ScrollTests/Info.plist;
				LD_RUNPATH_SEARCH_PATHS = (
					"$(inherited)",
					"@executable_path/Frameworks",
					"@loader_path/Frameworks",
				);
				PRODUCT_BUNDLE_IDENTIFIER = "Amie-Deng.ScrollTests";
				PRODUCT_NAME = "$(TARGET_NAME)";
				SWIFT_VERSION = 4.0;
				TARGETED_DEVICE_FAMILY = "1,2";
				TEST_HOST = "$(BUILT_PRODUCTS_DIR)/Scroll.app/Scroll";
			};
			name = Release;
		};
		E80390E221A1438F0056EDD6 /* Debug */ = {
			isa = XCBuildConfiguration;
			buildSettings = {
				ALWAYS_EMBED_SWIFT_STANDARD_LIBRARIES = YES;
				CODE_SIGN_STYLE = Automatic;
				DEVELOPMENT_TEAM = 9HP7878XL2;
				INFOPLIST_FILE = ScrollUITests/Info.plist;
				LD_RUNPATH_SEARCH_PATHS = (
					"$(inherited)",
					"@executable_path/Frameworks",
					"@loader_path/Frameworks",
				);
				PRODUCT_BUNDLE_IDENTIFIER = "Amie-Deng.ScrollUITests";
				PRODUCT_NAME = "$(TARGET_NAME)";
				SWIFT_VERSION = 4.0;
				TARGETED_DEVICE_FAMILY = "1,2";
				TEST_TARGET_NAME = Scroll;
			};
			name = Debug;
		};
		E80390E321A1438F0056EDD6 /* Release */ = {
			isa = XCBuildConfiguration;
			buildSettings = {
				ALWAYS_EMBED_SWIFT_STANDARD_LIBRARIES = YES;
				CODE_SIGN_STYLE = Automatic;
				DEVELOPMENT_TEAM = 9HP7878XL2;
				INFOPLIST_FILE = ScrollUITests/Info.plist;
				LD_RUNPATH_SEARCH_PATHS = (
					"$(inherited)",
					"@executable_path/Frameworks",
					"@loader_path/Frameworks",
				);
				PRODUCT_BUNDLE_IDENTIFIER = "Amie-Deng.ScrollUITests";
				PRODUCT_NAME = "$(TARGET_NAME)";
				SWIFT_VERSION = 4.0;
				TARGETED_DEVICE_FAMILY = "1,2";
				TEST_TARGET_NAME = Scroll;
			};
			name = Release;
		};
/* End XCBuildConfiguration section */

/* Begin XCConfigurationList section */
		E80390AE21A1438E0056EDD6 /* Build configuration list for PBXProject "Scroll" */ = {
			isa = XCConfigurationList;
			buildConfigurations = (
				E80390D921A1438F0056EDD6 /* Debug */,
				E80390DA21A1438F0056EDD6 /* Release */,
			);
			defaultConfigurationIsVisible = 0;
			defaultConfigurationName = Release;
		};
		E80390DB21A1438F0056EDD6 /* Build configuration list for PBXNativeTarget "Scroll" */ = {
			isa = XCConfigurationList;
			buildConfigurations = (
				E80390DC21A1438F0056EDD6 /* Debug */,
				E80390DD21A1438F0056EDD6 /* Release */,
			);
			defaultConfigurationIsVisible = 0;
			defaultConfigurationName = Release;
		};
		E80390DE21A1438F0056EDD6 /* Build configuration list for PBXNativeTarget "ScrollTests" */ = {
			isa = XCConfigurationList;
			buildConfigurations = (
				E80390DF21A1438F0056EDD6 /* Debug */,
				E80390E021A1438F0056EDD6 /* Release */,
			);
			defaultConfigurationIsVisible = 0;
			defaultConfigurationName = Release;
		};
		E80390E121A1438F0056EDD6 /* Build configuration list for PBXNativeTarget "ScrollUITests" */ = {
			isa = XCConfigurationList;
			buildConfigurations = (
				E80390E221A1438F0056EDD6 /* Debug */,
				E80390E321A1438F0056EDD6 /* Release */,
			);
			defaultConfigurationIsVisible = 0;
			defaultConfigurationName = Release;
		};
/* End XCConfigurationList section */
	};
	rootObject = E80390AB21A1438E0056EDD6 /* Project object */;
}
